
Microsoft Visual Studio Solution File, Format Version 12.00
Project("{2150E333-8FDC-42A3-9474-1A3956D46DE8}") = "src", "src", "{827E0CD3-B72D-47B6-A68D-7590B98EB39B}"
EndProject
Project("{FAE04EC0-301F-11D3-BF4B-00C04F79EFBC}") = "PDFtoTTS.Core", "src\PDFtoTTS.Core\PDFtoTTS.Core.csproj", "{23A97478-697B-4EA2-8C91-1C1FBA38A62E}"
EndProject
Project("{FAE04EC0-301F-11D3-BF4B-00C04F79EFBC}") = "PDFtoTTS.Grpc", "src\PDFtoTTS.Grpc\PDFtoTTS.Grpc.csproj", "{CE07A37A-35B1-440B-B531-F04216D1F5F2}"
EndProject
Project("{FAE04EC0-301F-11D3-BF4B-00C04F79EFBC}") = "PDFtoTTS.Api", "src\PDFtoTTS.Api\PDFtoTTS.Api.csproj", "{F06821C2-CD4D-4897-AFA6-E2553F3B5124}"
EndProject
Project("{2150E333-8FDC-42A3-9474-1A3956D46DE8}") = "tests", "tests", "{0AB3BF05-4346-4AA6-1389-037BE0695223}"
EndProject
Project("{FAE04EC0-301F-11D3-BF4B-00C04F79EFBC}") = "PDFtoTTS.Core.Tests", "tests\PDFtoTTS.Core.Tests\PDFtoTTS.Core.Tests.csproj", "{2968CB51-9D79-44A2-BDB8-517D43294FBD}"
EndProject
Project("{FAE04EC0-301F-11D3-BF4B-00C04F79EFBC}") = "PDFtoTTS.Ingestion", "src\PDFtoTTS.Ingestion\PDFtoTTS.Ingestion.csproj", "{198B9508-DB32-42BE-A9F0-60446BD1F7CD}"
EndProject
Project("{FAE04EC0-301F-11D3-BF4B-00C04F79EFBC}") = "PDFtoTTS.Orchestration", "src\PDFtoTTS.Orchestration\PDFtoTTS.Orchestration.csproj", "{1BD46295-C5F4-4FC4-9759-88662880CD9E}"
EndProject
Global
	GlobalSection(SolutionConfigurationPlatforms) = preSolution
		Debug|Any CPU = Debug|Any CPU
		Debug|x64 = Debug|x64
		Debug|x86 = Debug|x86
		Release|Any CPU = Release|Any CPU
		Release|x64 = Release|x64
		Release|x86 = Release|x86
	EndGlobalSection
	GlobalSection(ProjectConfigurationPlatforms) = postSolution
		{23A97478-697B-4EA2-8C91-1C1FBA38A62E}.Debug|Any CPU.ActiveCfg = Debug|Any CPU
		{23A97478-697B-4EA2-8C91-1C1FBA38A62E}.Debug|Any CPU.Build.0 = Debug|Any CPU
		{23A97478-697B-4EA2-8C91-1C1FBA38A62E}.Debug|x64.ActiveCfg = Debug|Any CPU
		{23A97478-697B-4EA2-8C91-1C1FBA38A62E}.Debug|x64.Build.0 = Debug|Any CPU
		{23A97478-697B-4EA2-8C91-1C1FBA38A62E}.Debug|x86.ActiveCfg = Debug|Any CPU
		{23A97478-697B-4EA2-8C91-1C1FBA38A62E}.Debug|x86.Build.0 = Debug|Any CPU
		{23A97478-697B-4EA2-8C91-1C1FBA38A62E}.Release|Any CPU.ActiveCfg = Release|Any CPU
		{23A97478-697B-4EA2-8C91-1C1FBA38A62E}.Release|Any CPU.Build.0 = Release|Any CPU
		{23A97478-697B-4EA2-8C91-1C1FBA38A62E}.Release|x64.ActiveCfg = Release|Any CPU
		{23A97478-697B-4EA2-8C91-1C1FBA38A62E}.Release|x64.Build.0 = Release|Any CPU
		{23A97478-697B-4EA2-8C91-1C1FBA38A62E}.Release|x86.ActiveCfg = Release|Any CPU
		{23A97478-697B-4EA2-8C91-1C1FBA38A62E}.Release|x86.Build.0 = Release|Any CPU
		{CE07A37A-35B1-440B-B531-F04216D1F5F2}.Debug|Any CPU.ActiveCfg = Debug|Any CPU
		{CE07A37A-35B1-440B-B531-F04216D1F5F2}.Debug|Any CPU.Build.0 = Debug|Any CPU
		{CE07A37A-35B1-440B-B531-F04216D1F5F2}.Debug|x64.ActiveCfg = Debug|Any CPU
		{CE07A37A-35B1-440B-B531-F04216D1F5F2}.Debug|x64.Build.0 = Debug|Any CPU
		{CE07A37A-35B1-440B-B531-F04216D1F5F2}.Debug|x86.ActiveCfg = Debug|Any CPU
		{CE07A37A-35B1-440B-B531-F04216D1F5F2}.Debug|x86.Build.0 = Debug|Any CPU
		{CE07A37A-35B1-440B-B531-F04216D1F5F2}.Release|Any CPU.ActiveCfg = Release|Any CPU
		{CE07A37A-35B1-440B-B531-F04216D1F5F2}.Release|Any CPU.Build.0 = Release|Any CPU
		{CE07A37A-35B1-440B-B531-F04216D1F5F2}.Release|x64.ActiveCfg = Release|Any CPU
		{CE07A37A-35B1-440B-B531-F04216D1F5F2}.Release|x64.Build.0 = Release|Any CPU
		{CE07A37A-35B1-440B-B531-F04216D1F5F2}.Release|x86.ActiveCfg = Release|Any CPU
		{CE07A37A-35B1-440B-B531-F04216D1F5F2}.Release|x86.Build.0 = Release|Any CPU
		{F06821C2-CD4D-4897-AFA6-E2553F3B5124}.Debug|Any CPU.ActiveCfg = Debug|Any CPU
		{F06821C2-CD4D-4897-AFA6-E2553F3B5124}.Debug|Any CPU.Build.0 = Debug|Any CPU
		{F06821C2-CD4D-4897-AFA6-E2553F3B5124}.Debug|x64.ActiveCfg = Debug|Any CPU
		{F06821C2-CD4D-4897-AFA6-E2553F3B5124}.Debug|x64.Build.0 = Debug|Any CPU
		{F06821C2-CD4D-4897-AFA6-E2553F3B5124}.Debug|x86.ActiveCfg = Debug|Any CPU
		{F06821C2-CD4D-4897-AFA6-E2553F3B5124}.Debug|x86.Build.0 = Debug|Any CPU
		{F06821C2-CD4D-4897-AFA6-E2553F3B5124}.Release|Any CPU.ActiveCfg = Release|Any CPU
		{F06821C2-CD4D-4897-AFA6-E2553F3B5124}.Release|Any CPU.Build.0 = Release|Any CPU
		{F06821C2-CD4D-4897-AFA6-E2553F3B5124}.Release|x64.ActiveCfg = Release|Any CPU
		{F06821C2-CD4D-4897-AFA6-E2553F3B5124}.Release|x64.Build.0 = Release|Any CPU
		{F06821C2-CD4D-4897-AFA6-E2553F3B5124}.Release|x86.ActiveCfg = Release|Any CPU
		{F06821C2-CD4D-4897-AFA6-E2553F3B5124}.Release|x86.Build.0 = Release|Any CPU
		{2968CB51-9D79-44A2-BDB8-517D43294FBD}.Debug|Any CPU.ActiveCfg = Debug|Any CPU
		{2968CB51-9D79-44A2-BDB8-517D43294FBD}.Debug|Any CPU.Build.0 = Debug|Any CPU
		{2968CB51-9D79-44A2-BDB8-517D43294FBD}.Debug|x64.ActiveCfg = Debug|Any CPU
		{2968CB51-9D79-44A2-BDB8-517D43294FBD}.Debug|x64.Build.0 = Debug|Any CPU
		{2968CB51-9D79-44A2-BDB8-517D43294FBD}.Debug|x86.ActiveCfg = Debug|Any CPU
		{2968CB51-9D79-44A2-BDB8-517D43294FBD}.Debug|x86.Build.0 = Debug|Any CPU
		{2968CB51-9D79-44A2-BDB8-517D43294FBD}.Release|Any CPU.ActiveCfg = Release|Any CPU
		{2968CB51-9D79-44A2-BDB8-517D43294FBD}.Release|Any CPU.Build.0 = Release|Any CPU
		{2968CB51-9D79-44A2-BDB8-517D43294FBD}.Release|x64.ActiveCfg = Release|Any CPU
		{2968CB51-9D79-44A2-BDB8-517D43294FBD}.Release|x64.Build.0 = Release|Any CPU
		{2968CB51-9D79-44A2-BDB8-517D43294FBD}.Release|x86.ActiveCfg = Release|Any CPU
		{2968CB51-9D79-44A2-BDB8-517D43294FBD}.Release|x86.Build.0 = Release|Any CPU
		{198B9508-DB32-42BE-A9F0-60446BD1F7CD}.Debug|Any CPU.ActiveCfg = Debug|Any CPU
		{198B9508-DB32-42BE-A9F0-60446BD1F7CD}.Debug|Any CPU.Build.0 = Debug|Any CPU
		{198B9508-DB32-42BE-A9F0-60446BD1F7CD}.Debug|x64.ActiveCfg = Debug|Any CPU
		{198B9508-DB32-42BE-A9F0-60446BD1F7CD}.Debug|x64.Build.0 = Debug|Any CPU
		{198B9508-DB32-42BE-A9F0-60446BD1F7CD}.Debug|x86.ActiveCfg = Debug|Any CPU
		{198B9508-DB32-42BE-A9F0-60446BD1F7CD}.Debug|x86.Build.0 = Debug|Any CPU
		{198B9508-DB32-42BE-A9F0-60446BD1F7CD}.Release|Any CPU.ActiveCfg = Release|Any CPU
		{198B9508-DB32-42BE-A9F0-60446BD1F7CD}.Release|Any CPU.Build.0 = Release|Any CPU
		{198B9508-DB32-42BE-A9F0-60446BD1F7CD}.Release|x64.ActiveCfg = Release|Any CPU
		{198B9508-DB32-42BE-A9F0-60446BD1F7CD}.Release|x64.Build.0 = Release|Any CPU
		{198B9508-DB32-42BE-A9F0-60446BD1F7CD}.Release|x86.ActiveCfg = Release|Any CPU
		{198B9508-DB32-42BE-A9F0-60446BD1F7CD}.Release|x86.Build.0 = Release|Any CPU
		{1BD46295-C5F4-4FC4-9759-88662880CD9E}.Debug|Any CPU.ActiveCfg = Debug|Any CPU
		{1BD46295-C5F4-4FC4-9759-88662880CD9E}.Debug|Any CPU.Build.0 = Debug|Any CPU
		{1BD46295-C5F4-4FC4-9759-88662880CD9E}.Debug|x64.ActiveCfg = Debug|Any CPU
		{1BD46295-C5F4-4FC4-9759-88662880CD9E}.Debug|x64.Build.0 = Debug|Any CPU
		{1BD46295-C5F4-4FC4-9759-88662880CD9E}.Debug|x86.ActiveCfg = Debug|Any CPU
		{1BD46295-C5F4-4FC4-9759-88662880CD9E}.Debug|x86.Build.0 = Debug|Any CPU
		{1BD46295-C5F4-4FC4-9759-88662880CD9E}.Release|Any CPU.ActiveCfg = Release|Any CPU
		{1BD46295-C5F4-4FC4-9759-88662880CD9E}.Release|Any CPU.Build.0 = Release|Any CPU
		{1BD46295-C5F4-4FC4-9759-88662880CD9E}.Release|x64.ActiveCfg = Release|Any CPU
		{1BD46295-C5F4-4FC4-9759-88662880CD9E}.Release|x64.Build.0 = Release|Any CPU
		{1BD46295-C5F4-4FC4-9759-88662880CD9E}.Release|x86.ActiveCfg = Release|Any CPU
		{1BD46295-C5F4-4FC4-9759-88662880CD9E}.Release|x86.Build.0 = Release|Any CPU
	EndGlobalSection
	GlobalSection(SolutionProperties) = preSolution
		HideSolutionNode = FALSE
	EndGlobalSection
	GlobalSection(NestedProjects) = preSolution
		{23A97478-697B-4EA2-8C91-1C1FBA38A62E} = {827E0CD3-B72D-47B6-A68D-7590B98EB39B}
		{CE07A37A-35B1-440B-B531-F04216D1F5F2} = {827E0CD3-B72D-47B6-A68D-7590B98EB39B}
		{F06821C2-CD4D-4897-AFA6-E2553F3B5124} = {827E0CD3-B72D-47B6-A68D-7590B98EB39B}
		{2968CB51-9D79-44A2-BDB8-517D43294FBD} = {0AB3BF05-4346-4AA6-1389-037BE0695223}
		{198B9508-DB32-42BE-A9F0-60446BD1F7CD} = {827E0CD3-B72D-47B6-A68D-7590B98EB39B}
		{1BD46295-C5F4-4FC4-9759-88662880CD9E} = {827E0CD3-B72D-47B6-A68D-7590B98EB39B}
	EndGlobalSection
EndGlobal
